
Microsoft Visual Studio Solution File, Format Version 12.00
# Visual Studio Version 17
VisualStudioVersion = 17.14.36603.0 d17.14
MinimumVisualStudioVersion = 10.0.40219.1
Project("{FAE04EC0-301F-11D3-BF4B-00C04F79EFBC}") = "LojaGame", "LojaGame\LojaGame.csproj", "{82F24DE3-162F-4532-9413-100D53BA5FCC}"
EndProject
Global
	GlobalSection(SolutionConfigurationPlatforms) = preSolution
		Debug|Any CPU = Debug|Any CPU
		Release|Any CPU = Release|Any CPU
	EndGlobalSection
	GlobalSection(ProjectConfigurationPlatforms) = postSolution
		{82F24DE3-162F-4532-9413-100D53BA5FCC}.Debug|Any CPU.ActiveCfg = Debug|Any CPU
		{82F24DE3-162F-4532-9413-100D53BA5FCC}.Debug|Any CPU.Build.0 = Debug|Any CPU
		{82F24DE3-162F-4532-9413-100D53BA5FCC}.Release|Any CPU.ActiveCfg = Release|Any CPU
		{82F24DE3-162F-4532-9413-100D53BA5FCC}.Release|Any CPU.Build.0 = Release|Any CPU
	EndGlobalSection
	GlobalSection(SolutionProperties) = preSolution
		HideSolutionNode = FALSE
	EndGlobalSection
	GlobalSection(ExtensibilityGlobals) = postSolution
		SolutionGuid = {27556712-A76B-413B-897D-E855034B521F}
	EndGlobalSection
EndGlobal
